
Microsoft Visual Studio Solution File, Format Version 12.00
# Visual Studio 15
VisualStudioVersion = 15.0.27130.2010
MinimumVisualStudioVersion = 10.0.40219.1
Project("{9A19103F-16F7-4668-BE54-9A1E7A4F7556}") = "ProjectLocator.Web", "ProjectLocator.Web\ProjectLocator.Web.csproj", "{BBD81430-F493-4BD9-A385-65D1B3ED52CD}"
	ProjectSection(ProjectDependencies) = postProject
		{3DB75DBC-0F7E-401F-B470-1E1957F18BD8} = {3DB75DBC-0F7E-401F-B470-1E1957F18BD8}
	EndProjectSection
EndProject
Project("{9A19103F-16F7-4668-BE54-9A1E7A4F7556}") = "ProjectLocator.Database", "ProjectLocator.Database\ProjectLocator.Database.csproj", "{3DB75DBC-0F7E-401F-B470-1E1957F18BD8}"
EndProject
Project("{9A19103F-16F7-4668-BE54-9A1E7A4F7556}") = "ProjectLocator.Web.Test", "ProjectLocator.Web.Test\ProjectLocator.Web.Test.csproj", "{7EA4415F-6960-4EB4-A08C-2C0655F6602E}"
EndProject
Global
	GlobalSection(SolutionConfigurationPlatforms) = preSolution
		Debug|Any CPU = Debug|Any CPU
		Release|Any CPU = Release|Any CPU
	EndGlobalSection
	GlobalSection(ProjectConfigurationPlatforms) = postSolution
		{BBD81430-F493-4BD9-A385-65D1B3ED52CD}.Debug|Any CPU.ActiveCfg = Debug|Any CPU
		{BBD81430-F493-4BD9-A385-65D1B3ED52CD}.Debug|Any CPU.Build.0 = Debug|Any CPU
		{BBD81430-F493-4BD9-A385-65D1B3ED52CD}.Release|Any CPU.ActiveCfg = Release|Any CPU
		{BBD81430-F493-4BD9-A385-65D1B3ED52CD}.Release|Any CPU.Build.0 = Release|Any CPU
		{3DB75DBC-0F7E-401F-B470-1E1957F18BD8}.Debug|Any CPU.ActiveCfg = Debug|Any CPU
		{3DB75DBC-0F7E-401F-B470-1E1957F18BD8}.Debug|Any CPU.Build.0 = Debug|Any CPU
		{3DB75DBC-0F7E-401F-B470-1E1957F18BD8}.Release|Any CPU.ActiveCfg = Release|Any CPU
		{3DB75DBC-0F7E-401F-B470-1E1957F18BD8}.Release|Any CPU.Build.0 = Release|Any CPU
		{7EA4415F-6960-4EB4-A08C-2C0655F6602E}.Debug|Any CPU.ActiveCfg = Debug|Any CPU
		{7EA4415F-6960-4EB4-A08C-2C0655F6602E}.Debug|Any CPU.Build.0 = Debug|Any CPU
		{7EA4415F-6960-4EB4-A08C-2C0655F6602E}.Release|Any CPU.ActiveCfg = Release|Any CPU
		{7EA4415F-6960-4EB4-A08C-2C0655F6602E}.Release|Any CPU.Build.0 = Release|Any CPU
	EndGlobalSection
	GlobalSection(SolutionProperties) = preSolution
		HideSolutionNode = FALSE
	EndGlobalSection
	GlobalSection(ExtensibilityGlobals) = postSolution
		SolutionGuid = {F441F7D5-567E-4FC4-B114-4648AB4B5E9D}
	EndGlobalSection
EndGlobal
